
Microsoft Visual Studio Solution File, Format Version 12.00
# Visual Studio Version 17
VisualStudioVersion = 17.3.32929.385
MinimumVisualStudioVersion = 10.0.40219.1
Project("{FAE04EC0-301F-11D3-BF4B-00C04F79EFBC}") = "EncuestasAPI", "EncuestasAPI\EncuestasAPI.csproj", "{B901BD60-273F-47EC-848C-AA0A499A15A6}"
EndProject
Global
	GlobalSection(SolutionConfigurationPlatforms) = preSolution
		Debug|Any CPU = Debug|Any CPU
		Release|Any CPU = Release|Any CPU
	EndGlobalSection
	GlobalSection(ProjectConfigurationPlatforms) = postSolution
		{B901BD60-273F-47EC-848C-AA0A499A15A6}.Debug|Any CPU.ActiveCfg = Debug|Any CPU
		{B901BD60-273F-47EC-848C-AA0A499A15A6}.Debug|Any CPU.Build.0 = Debug|Any CPU
		{B901BD60-273F-47EC-848C-AA0A499A15A6}.Release|Any CPU.ActiveCfg = Release|Any CPU
		{B901BD60-273F-47EC-848C-AA0A499A15A6}.Release|Any CPU.Build.0 = Release|Any CPU
	EndGlobalSection
	GlobalSection(SolutionProperties) = preSolution
		HideSolutionNode = FALSE
	EndGlobalSection
	GlobalSection(ExtensibilityGlobals) = postSolution
		SolutionGuid = {9D41929D-A115-47AC-9786-8C4A179BB808}
	EndGlobalSection
EndGlobal
